
Microsoft Visual Studio Solution File, Format Version 12.00
# Visual Studio Version 17
VisualStudioVersion = 17.8.34316.72
MinimumVisualStudioVersion = 10.0.40219.1
Project("{FAE04EC0-301F-11D3-BF4B-00C04F79EFBC}") = "SIPClient2", "SIPClient2\SIPClient2.csproj", "{945CC928-8E0A-4121-B0F0-7DCF3D788051}"
EndProject
Global
	GlobalSection(SolutionConfigurationPlatforms) = preSolution
		Debug|Any CPU = Debug|Any CPU
		Release|Any CPU = Release|Any CPU
	EndGlobalSection
	GlobalSection(ProjectConfigurationPlatforms) = postSolution
		{945CC928-8E0A-4121-B0F0-7DCF3D788051}.Debug|Any CPU.ActiveCfg = Debug|Any CPU
		{945CC928-8E0A-4121-B0F0-7DCF3D788051}.Debug|Any CPU.Build.0 = Debug|Any CPU
		{945CC928-8E0A-4121-B0F0-7DCF3D788051}.Release|Any CPU.ActiveCfg = Release|Any CPU
		{945CC928-8E0A-4121-B0F0-7DCF3D788051}.Release|Any CPU.Build.0 = Release|Any CPU
	EndGlobalSection
	GlobalSection(SolutionProperties) = preSolution
		HideSolutionNode = FALSE
	EndGlobalSection
	GlobalSection(ExtensibilityGlobals) = postSolution
		SolutionGuid = {D9BB3F2D-8CC6-4C4B-B328-7F1D474E3C63}
	EndGlobalSection
EndGlobal
